// !$*UTF8*$!
{
	archiveVersion = 1;
	classes = {
	};
	objectVersion = 56;
	objects = {

/* Begin PBXBuildFile section */
		9774EDA42BF27EB900F7714F /* ChatWithGeminiApp.swift in Sources */ = {isa = PBXBuildFile; fileRef = 9774EDA32BF27EB900F7714F /* ChatWithGeminiApp.swift */; };
		9774EDA62BF27EB900F7714F /* ContentView.swift in Sources */ = {isa = PBXBuildFile; fileRef = 9774EDA52BF27EB900F7714F /* ContentView.swift */; };
		9774EDA82BF27EBB00F7714F /* Assets.xcassets in Resources */ = {isa = PBXBuildFile; fileRef = 9774EDA72BF27EBB00F7714F /* Assets.xcassets */; };
		9774EDAB2BF27EBB00F7714F /* Preview Assets.xcassets in Resources */ = {isa = PBXBuildFile; fileRef = 9774EDAA2BF27EBB00F7714F /* Preview Assets.xcassets */; };
		9774EDB22BF27F1B00F7714F /* GenerativeAI-info.plist in Resources */ = {isa = PBXBuildFile; fileRef = 9774EDB12BF27F1B00F7714F /* GenerativeAI-info.plist */; };
		9774EDB62BF2805200F7714F /* APIKey.swift in Sources */ = {isa = PBXBuildFile; fileRef = 9774EDB52BF2805200F7714F /* APIKey.swift */; };
		9774EDB92BF281AB00F7714F /* GoogleGenerativeAI in Frameworks */ = {isa = PBXBuildFile; productRef = 9774EDB82BF281AB00F7714F /* GoogleGenerativeAI */; };
/* End PBXBuildFile section */

/* Begin PBXFileReference section */
		9774EDA02BF27EB900F7714F /* ChatWithGemini.app */ = {isa = PBXFileReference; explicitFileType = wrapper.application; includeInIndex = 0; path = ChatWithGemini.app; sourceTree = BUILT_PRODUCTS_DIR; };
		9774EDA32BF27EB900F7714F /* ChatWithGeminiApp.swift */ = {isa = PBXFileReference; lastKnownFileType = sourcecode.swift; path = ChatWithGeminiApp.swift; sourceTree = "<group>"; };
		9774EDA52BF27EB900F7714F /* ContentView.swift */ = {isa = PBXFileReference; lastKnownFileType = sourcecode.swift; path = ContentView.swift; sourceTree = "<group>"; };
		9774EDA72BF27EBB00F7714F /* Assets.xcassets */ = {isa = PBXFileReference; lastKnownFileType = folder.assetcatalog; path = Assets.xcassets; sourceTree = "<group>"; };
		9774EDAA2BF27EBB00F7714F /* Preview Assets.xcassets */ = {isa = PBXFileReference; lastKnownFileType = folder.assetcatalog; path = "Preview Assets.xcassets"; sourceTree = "<group>"; };
		9774EDB12BF27F1B00F7714F /* GenerativeAI-info.plist */ = {isa = PBXFileReference; lastKnownFileType = text.plist.xml; path = "GenerativeAI-info.plist"; sourceTree = "<group>"; };
		9774EDB52BF2805200F7714F /* APIKey.swift */ = {isa = PBXFileReference; lastKnownFileType = sourcecode.swift; path = APIKey.swift; sourceTree = "<group>"; };
/* End PBXFileReference section */

/* Begin PBXFrameworksBuildPhase section */
		9774ED9D2BF27EB900F7714F /* Frameworks */ = {
			isa = PBXFrameworksBuildPhase;
			buildActionMask = 2147483647;
			files = (
				9774EDB92BF281AB00F7714F /* GoogleGenerativeAI in Frameworks */,
			);
			runOnlyForDeploymentPostprocessing = 0;
		};
/* End PBXFrameworksBuildPhase section */

/* Begin PBXGroup section */
		9774ED972BF27EB900F7714F = {
			isa = PBXGroup;
			children = (
				9774EDA22BF27EB900F7714F /* ChatWithGemini */,
				9774EDA12BF27EB900F7714F /* Products */,
			);
			sourceTree = "<group>";
		};
		9774EDA12BF27EB900F7714F /* Products */ = {
			isa = PBXGroup;
			children = (
				9774EDA02BF27EB900F7714F /* ChatWithGemini.app */,
			);
			name = Products;
			sourceTree = "<group>";
		};
		9774EDA22BF27EB900F7714F /* ChatWithGemini */ = {
			isa = PBXGroup;
			children = (
				9774EDA32BF27EB900F7714F /* ChatWithGeminiApp.swift */,
				9774EDA52BF27EB900F7714F /* ContentView.swift */,
				9774EDA72BF27EBB00F7714F /* Assets.xcassets */,
				9774EDA92BF27EBB00F7714F /* Preview Content */,
				9774EDB12BF27F1B00F7714F /* GenerativeAI-info.plist */,
				9774EDB52BF2805200F7714F /* APIKey.swift */,
			);
			path = ChatWithGemini;
			sourceTree = "<group>";
		};
		9774EDA92BF27EBB00F7714F /* Preview Content */ = {
			isa = PBXGroup;
			children = (
				9774EDAA2BF27EBB00F7714F /* Preview Assets.xcassets */,
			);
			path = "Preview Content";
			sourceTree = "<group>";
		};
/* End PBXGroup section */

/* Begin PBXNativeTarget section */
		9774ED9F2BF27EB900F7714F /* ChatWithGemini */ = {
			isa = PBXNativeTarget;
			buildConfigurationList = 9774EDAE2BF27EBB00F7714F /* Build configuration list for PBXNativeTarget "ChatWithGemini" */;
			buildPhases = (
				9774ED9C2BF27EB900F7714F /* Sources */,
				9774ED9D2BF27EB900F7714F /* Frameworks */,
				9774ED9E2BF27EB900F7714F /* Resources */,
			);
			buildRules = (
			);
			dependencies = (
			);
			name = ChatWithGemini;
			packageProductDependencies = (
				9774EDB82BF281AB00F7714F /* GoogleGenerativeAI */,
			);
			productName = ChatWithGemini;
			productReference = 9774EDA02BF27EB900F7714F /* ChatWithGemini.app */;
			productType = "com.apple.product-type.application";
		};
/* End PBXNativeTarget section */

/* Begin PBXProject section */
		9774ED982BF27EB900F7714F /* Project object */ = {
			isa = PBXProject;
			attributes = {
				BuildIndependentTargetsInParallel = 1;
				LastSwiftUpdateCheck = 1530;
				LastUpgradeCheck = 1530;
				TargetAttributes = {
					9774ED9F2BF27EB900F7714F = {
						CreatedOnToolsVersion = 15.3;
					};
				};
			};
			buildConfigurationList = 9774ED9B2BF27EB900F7714F /* Build configuration list for PBXProject "ChatWithGemini" */;
			compatibilityVersion = "Xcode 14.0";
			developmentRegion = en;
			hasScannedForEncodings = 0;
			knownRegions = (
				en,
				Base,
			);
			mainGroup = 9774ED972BF27EB900F7714F;
			packageReferences = (
				9774EDB72BF281AB00F7714F /* XCRemoteSwiftPackageReference "generative-ai-swift" */,
			);
			productRefGroup = 9774EDA12BF27EB900F7714F /* Products */;
			projectDirPath = "";
			projectRoot = "";
			targets = (
				9774ED9F2BF27EB900F7714F /* ChatWithGemini */,
			);
		};
/* End PBXProject section */

/* Begin PBXResourcesBuildPhase section */
		9774ED9E2BF27EB900F7714F /* Resources */ = {
			isa = PBXResourcesBuildPhase;
			buildActionMask = 2147483647;
			files = (
				9774EDAB2BF27EBB00F7714F /* Preview Assets.xcassets in Resources */,
				9774EDB22BF27F1B00F7714F /* GenerativeAI-info.plist in Resources */,
				9774EDA82BF27EBB00F7714F /* Assets.xcassets in Resources */,
			);
			runOnlyForDeploymentPostprocessing = 0;
		};
/* End PBXResourcesBuildPhase section */

/* Begin PBXSourcesBuildPhase section */
		9774ED9C2BF27EB900F7714F /* Sources */ = {
			isa = PBXSourcesBuildPhase;
			buildActionMask = 2147483647;
			files = (
				9774EDA62BF27EB900F7714F /* ContentView.swift in Sources */,
				9774EDB62BF2805200F7714F /* APIKey.swift in Sources */,
				9774EDA42BF27EB900F7714F /* ChatWithGeminiApp.swift in Sources */,
			);
			runOnlyForDeploymentPostprocessing = 0;
		};
/* End PBXSourcesBuildPhase section */

/* Begin XCBuildConfiguration section */
		9774EDAC2BF27EBB00F7714F /* Debug */ = {
			isa = XCBuildConfiguration;
			buildSettings = {
				ALWAYS_SEARCH_USER_PATHS = NO;
				ASSETCATALOG_COMPILER_GENERATE_SWIFT_ASSET_SYMBOL_EXTENSIONS = YES;
				CLANG_ANALYZER_NONNULL = YES;
				CLANG_ANALYZER_NUMBER_OBJECT_CONVERSION = YES_AGGRESSIVE;
				CLANG_CXX_LANGUAGE_STANDARD = "gnu++20";
				CLANG_ENABLE_MODULES = YES;
				CLANG_ENABLE_OBJC_ARC = YES;
				CLANG_ENABLE_OBJC_WEAK = YES;
				CLANG_WARN_BLOCK_CAPTURE_AUTORELEASING = YES;
				CLANG_WARN_BOOL_CONVERSION = YES;
				CLANG_WARN_COMMA = YES;
				CLANG_WARN_CONSTANT_CONVERSION = YES;
				CLANG_WARN_DEPRECATED_OBJC_IMPLEMENTATIONS = YES;
				CLANG_WARN_DIRECT_OBJC_ISA_USAGE = YES_ERROR;
				CLANG_WARN_DOCUMENTATION_COMMENTS = YES;
				CLANG_WARN_EMPTY_BODY = YES;
				CLANG_WARN_ENUM_CONVERSION = YES;
				CLANG_WARN_INFINITE_RECURSION = YES;
				CLANG_WARN_INT_CONVERSION = YES;
				CLANG_WARN_NON_LITERAL_NULL_CONVERSION = YES;
				CLANG_WARN_OBJC_IMPLICIT_RETAIN_SELF = YES;
				CLANG_WARN_OBJC_LITERAL_CONVERSION = YES;
				CLANG_WARN_OBJC_ROOT_CLASS = YES_ERROR;
				CLANG_WARN_QUOTED_INCLUDE_IN_FRAMEWORK_HEADER = YES;
				CLANG_WARN_RANGE_LOOP_ANALYSIS = YES;
				CLANG_WARN_STRICT_PROTOTYPES = YES;
				CLANG_WARN_SUSPICIOUS_MOVE = YES;
				CLANG_WARN_UNGUARDED_AVAILABILITY = YES_AGGRESSIVE;
				CLANG_WARN_UNREACHABLE_CODE = YES;
				CLANG_WARN__DUPLICATE_METHOD_MATCH = YES;
				COPY_PHASE_STRIP = NO;
				DEBUG_INFORMATION_FORMAT = dwarf;
				ENABLE_STRICT_OBJC_MSGSEND = YES;
				ENABLE_TESTABILITY = YES;
				ENABLE_USER_SCRIPT_SANDBOXING = YES;
				GCC_C_LANGUAGE_STANDARD = gnu17;
				GCC_DYNAMIC_NO_PIC = NO;
				GCC_NO_COMMON_BLOCKS = YES;
				GCC_OPTIMIZATION_LEVEL = 0;
				GCC_PREPROCESSOR_DEFINITIONS = (
					"DEBUG=1",
					"$(inherited)",
				);
				GCC_WARN_64_TO_32_BIT_CONVERSION = YES;
				GCC_WARN_ABOUT_RETURN_TYPE = YES_ERROR;
				GCC_WARN_UNDECLARED_SELECTOR = YES;
				GCC_WARN_UNINITIALIZED_AUTOS = YES_AGGRESSIVE;
				GCC_WARN_UNUSED_FUNCTION = YES;
				GCC_WARN_UNUSED_VARIABLE = YES;
				IPHONEOS_DEPLOYMENT_TARGET = 17.4;
				LOCALIZATION_PREFERS_STRING_CATALOGS = YES;
				MTL_ENABLE_DEBUG_INFO = INCLUDE_SOURCE;
				MTL_FAST_MATH = YES;
				ONLY_ACTIVE_ARCH = YES;
				SDKROOT = iphoneos;
				SWIFT_ACTIVE_COMPILATION_CONDITIONS = "DEBUG $(inherited)";
				SWIFT_OPTIMIZATION_LEVEL = "-Onone";
			};
			name = Debug;
		};
		9774EDAD2BF27EBB00F7714F /* Release */ = {
			isa = XCBuildConfiguration;
			buildSettings = {
				ALWAYS_SEARCH_USER_PATHS = NO;
				ASSETCATALOG_COMPILER_GENERATE_SWIFT_ASSET_SYMBOL_EXTENSIONS = YES;
				CLANG_ANALYZER_NONNULL = YES;
				CLANG_ANALYZER_NUMBER_OBJECT_CONVERSION = YES_AGGRESSIVE;
				CLANG_CXX_LANGUAGE_STANDARD = "gnu++20";
				CLANG_ENABLE_MODULES = YES;
				CLANG_ENABLE_OBJC_ARC = YES;
				CLANG_ENABLE_OBJC_WEAK = YES;
				CLANG_WARN_BLOCK_CAPTURE_AUTORELEASING = YES;
				CLANG_WARN_BOOL_CONVERSION = YES;
				CLANG_WARN_COMMA = YES;
				CLANG_WARN_CONSTANT_CONVERSION = YES;
				CLANG_WARN_DEPRECATED_OBJC_IMPLEMENTATIONS = YES;
				CLANG_WARN_DIRECT_OBJC_ISA_USAGE = YES_ERROR;
				CLANG_WARN_DOCUMENTATION_COMMENTS = YES;
				CLANG_WARN_EMPTY_BODY = YES;
				CLANG_WARN_ENUM_CONVERSION = YES;
				CLANG_WARN_INFINITE_RECURSION = YES;
				CLANG_WARN_INT_CONVERSION = YES;
				CLANG_WARN_NON_LITERAL_NULL_CONVERSION = YES;
				CLANG_WARN_OBJC_IMPLICIT_RETAIN_SELF = YES;
				CLANG_WARN_OBJC_LITERAL_CONVERSION = YES;
				CLANG_WARN_OBJC_ROOT_CLASS = YES_ERROR;
				CLANG_WARN_QUOTED_INCLUDE_IN_FRAMEWORK_HEADER = YES;
				CLANG_WARN_RANGE_LOOP_ANALYSIS = YES;
				CLANG_WARN_STRICT_PROTOTYPES = YES;
				CLANG_WARN_SUSPICIOUS_MOVE = YES;
				CLANG_WARN_UNGUARDED_AVAILABILITY = YES_AGGRESSIVE;
				CLANG_WARN_UNREACHABLE_CODE = YES;
				CLANG_WARN__DUPLICATE_METHOD_MATCH = YES;
				COPY_PHASE_STRIP = NO;
				DEBUG_INFORMATION_FORMAT = "dwarf-with-dsym";
				ENABLE_NS_ASSERTIONS = NO;
				ENABLE_STRICT_OBJC_MSGSEND = YES;
				ENABLE_USER_SCRIPT_SANDBOXING = YES;
				GCC_C_LANGUAGE_STANDARD = gnu17;
				GCC_NO_COMMON_BLOCKS = YES;
				GCC_WARN_64_TO_32_BIT_CONVERSION = YES;
				GCC_WARN_ABOUT_RETURN_TYPE = YES_ERROR;
				GCC_WARN_UNDECLARED_SELECTOR = YES;
				GCC_WARN_UNINITIALIZED_AUTOS = YES_AGGRESSIVE;
				GCC_WARN_UNUSED_FUNCTION = YES;
				GCC_WARN_UNUSED_VARIABLE = YES;
				IPHONEOS_DEPLOYMENT_TARGET = 17.4;
				LOCALIZATION_PREFERS_STRING_CATALOGS = YES;
				MTL_ENABLE_DEBUG_INFO = NO;
				MTL_FAST_MATH = YES;
				SDKROOT = iphoneos;
				SWIFT_COMPILATION_MODE = wholemodule;
				VALIDATE_PRODUCT = YES;
			};
			name = Release;
		};
		9774EDAF2BF27EBB00F7714F /* Debug */ = {
			isa = XCBuildConfiguration;
			buildSettings = {
				ASSETCATALOG_COMPILER_APPICON_NAME = AppIcon;
				ASSETCATALOG_COMPILER_GLOBAL_ACCENT_COLOR_NAME = AccentColor;
				CODE_SIGN_STYLE = Automatic;
				CURRENT_PROJECT_VERSION = 1;
				DEVELOPMENT_ASSET_PATHS = "\"ChatWithGemini/Preview Content\"";
				ENABLE_PREVIEWS = YES;
				GENERATE_INFOPLIST_FILE = YES;
				INFOPLIST_KEY_UIApplicationSceneManifest_Generation = YES;
				INFOPLIST_KEY_UIApplicationSupportsIndirectInputEvents = YES;
				INFOPLIST_KEY_UILaunchScreen_Generation = YES;
				INFOPLIST_KEY_UISupportedInterfaceOrientations_iPad = "UIInterfaceOrientationPortrait UIInterfaceOrientationPortraitUpsideDown UIInterfaceOrientationLandscapeLeft UIInterfaceOrientationLandscapeRight";
				INFOPLIST_KEY_UISupportedInterfaceOrientations_iPhone = "UIInterfaceOrientationPortrait UIInterfaceOrientationLandscapeLeft UIInterfaceOrientationLandscapeRight";
				LD_RUNPATH_SEARCH_PATHS = (
					"$(inherited)",
					"@executable_path/Frameworks",
				);
				MARKETING_VERSION = 1.0;
				PRODUCT_BUNDLE_IDENTIFIER = com.kanishk.ChatWithGemini;
				PRODUCT_NAME = "$(TARGET_NAME)";
				SWIFT_EMIT_LOC_STRINGS = YES;
				SWIFT_VERSION = 5.0;
				TARGETED_DEVICE_FAMILY = "1,2";
			};
			name = Debug;
		};
		9774EDB02BF27EBB00F7714F /* Release */ = {
			isa = XCBuildConfiguration;
			buildSettings = {
				ASSETCATALOG_COMPILER_APPICON_NAME = AppIcon;
				ASSETCATALOG_COMPILER_GLOBAL_ACCENT_COLOR_NAME = AccentColor;
				CODE_SIGN_STYLE = Automatic;
				CURRENT_PROJECT_VERSION = 1;
				DEVELOPMENT_ASSET_PATHS = "\"ChatWithGemini/Preview Content\"";
				ENABLE_PREVIEWS = YES;
				GENERATE_INFOPLIST_FILE = YES;
				INFOPLIST_KEY_UIApplicationSceneManifest_Generation = YES;
				INFOPLIST_KEY_UIApplicationSupportsIndirectInputEvents = YES;
				INFOPLIST_KEY_UILaunchScreen_Generation = YES;
				INFOPLIST_KEY_UISupportedInterfaceOrientations_iPad = "UIInterfaceOrientationPortrait UIInterfaceOrientationPortraitUpsideDown UIInterfaceOrientationLandscapeLeft UIInterfaceOrientationLandscapeRight";
				INFOPLIST_KEY_UISupportedInterfaceOrientations_iPhone = "UIInterfaceOrientationPortrait UIInterfaceOrientationLandscapeLeft UIInterfaceOrientationLandscapeRight";
				LD_RUNPATH_SEARCH_PATHS = (
					"$(inherited)",
					"@executable_path/Frameworks",
				);
				MARKETING_VERSION = 1.0;
				PRODUCT_BUNDLE_IDENTIFIER = com.kanishk.ChatWithGemini;
				PRODUCT_NAME = "$(TARGET_NAME)";
				SWIFT_EMIT_LOC_STRINGS = YES;
				SWIFT_VERSION = 5.0;
				TARGETED_DEVICE_FAMILY = "1,2";
			};
			name = Release;
		};
/* End XCBuildConfiguration section */

/* Begin XCConfigurationList section */
		9774ED9B2BF27EB900F7714F /* Build configuration list for PBXProject "ChatWithGemini" */ = {
			isa = XCConfigurationList;
			buildConfigurations = (
				9774EDAC2BF27EBB00F7714F /* Debug */,
				9774EDAD2BF27EBB00F7714F /* Release */,
			);
			defaultConfigurationIsVisible = 0;
			defaultConfigurationName = Release;
		};
		9774EDAE2BF27EBB00F7714F /* Build configuration list for PBXNativeTarget "ChatWithGemini" */ = {
			isa = XCConfigurationList;
			buildConfigurations = (
				9774EDAF2BF27EBB00F7714F /* Debug */,
				9774EDB02BF27EBB00F7714F /* Release */,
			);
			defaultConfigurationIsVisible = 0;
			defaultConfigurationName = Release;
		};
/* End XCConfigurationList section */

/* Begin XCRemoteSwiftPackageReference section */
		9774EDB72BF281AB00F7714F /* XCRemoteSwiftPackageReference "generative-ai-swift" */ = {
			isa = XCRemoteSwiftPackageReference;
			repositoryURL = "https://github.com/google-gemini/generative-ai-swift";
			requirement = {
				kind = upToNextMajorVersion;
				minimumVersion = 0.5.3;
			};
		};
/* End XCRemoteSwiftPackageReference section */

/* Begin XCSwiftPackageProductDependency section */
		9774EDB82BF281AB00F7714F /* GoogleGenerativeAI */ = {
			isa = XCSwiftPackageProductDependency;
			package = 9774EDB72BF281AB00F7714F /* XCRemoteSwiftPackageReference "generative-ai-swift" */;
			productName = GoogleGenerativeAI;
		};
/* End XCSwiftPackageProductDependency section */
	};
	rootObject = 9774ED982BF27EB900F7714F /* Project object */;
}
